
Microsoft Visual Studio Solution File, Format Version 11.00
# Visual Studio 2010
Project("{FAE04EC0-301F-11D3-BF4B-00C04F79EFBC}") = "IFSP.ADS.SiPDV.View", "IFSP.ADS.SiPDV.View\IFSP.ADS.SiPDV.View.csproj", "{7CA1241A-1938-408C-933B-9882A4D57C6C}"
EndProject
Project("{FAE04EC0-301F-11D3-BF4B-00C04F79EFBC}") = "IFSP.ADS.SiPDV.Framework", "IFSP.ADS.SiPDV.Framework\IFSP.ADS.SiPDV.Framework.csproj", "{489401C9-DA79-4757-ABC6-E20859E03ED4}"
EndProject
Project("{FAE04EC0-301F-11D3-BF4B-00C04F79EFBC}") = "IFSP.ADS.SiPDV.Log", "IFSP.ADS.SiPDV.Log\IFSP.ADS.SiPDV.Log.csproj", "{A8B37CD4-CA67-436C-BBEB-30192B71C437}"
EndProject
Project("{FAE04EC0-301F-11D3-BF4B-00C04F79EFBC}") = "IFSP.ADS.SiPDV.Database", "IFSP.ADS.SiPDV.Database\IFSP.ADS.SiPDV.Database.csproj", "{8ED0A915-D1AB-47F0-B159-CB684470F31F}"
EndProject
Project("{FAE04EC0-301F-11D3-BF4B-00C04F79EFBC}") = "IFSP.ADS.SiPDV.Business", "IFSP.ADS.SiPDV.Business\IFSP.ADS.SiPDV.Business.csproj", "{6B93344D-70EA-4511-A397-8734F9DA7AA3}"
EndProject
Project("{FAE04EC0-301F-11D3-BF4B-00C04F79EFBC}") = "IFSP.ADS.SiPDV.Config", "IFSP.ADS.SiPDV.Config\IFSP.ADS.SiPDV.Config.csproj", "{B810E63B-A17A-4DB1-A561-EC0523B167D9}"
EndProject
Project("{FAE04EC0-301F-11D3-BF4B-00C04F79EFBC}") = "IFSP.ADS.SiPDV.Tools", "IFSP.ADS.SiPDV.Tools\IFSP.ADS.SiPDV.Tools.csproj", "{BD8A5578-BEBE-4561-AD75-3252F65DAE43}"
EndProject
Project("{FAE04EC0-301F-11D3-BF4B-00C04F79EFBC}") = "IFSP.ADS.SiPDV.SharedMemory", "IFSP.ADS.SiPDV.SharedMemory\IFSP.ADS.SiPDV.SharedMemory.csproj", "{99C86699-0E16-4623-A45C-BAC07F3A3289}"
EndProject
Project("{FAE04EC0-301F-11D3-BF4B-00C04F79EFBC}") = "IFSP.ADS.SiPDV.Reports", "IFSP.ADS.SiPDV.Reports\IFSP.ADS.SiPDV.Reports.csproj", "{05B4E5C8-A228-4198-B65C-C6014AC89E36}"
EndProject
Project("{54435603-DBB4-11D2-8724-00A0C9A8B90C}") = "IFSP.ADS.SiPDV.Setup", "IFSP.ADS.SiPDV.Setup\IFSP.ADS.SiPDV.Setup.vdproj", "{7DBFB925-C8E2-40A1-86F1-54EE93F8E11B}"
EndProject
Global
	GlobalSection(SolutionConfigurationPlatforms) = preSolution
		Debug|Any CPU = Debug|Any CPU
		Debug|Mixed Platforms = Debug|Mixed Platforms
		Debug|x86 = Debug|x86
		Release|Any CPU = Release|Any CPU
		Release|Mixed Platforms = Release|Mixed Platforms
		Release|x86 = Release|x86
	EndGlobalSection
	GlobalSection(ProjectConfigurationPlatforms) = postSolution
		{7CA1241A-1938-408C-933B-9882A4D57C6C}.Debug|Any CPU.ActiveCfg = Debug|x86
		{7CA1241A-1938-408C-933B-9882A4D57C6C}.Debug|Mixed Platforms.ActiveCfg = Debug|x86
		{7CA1241A-1938-408C-933B-9882A4D57C6C}.Debug|Mixed Platforms.Build.0 = Debug|x86
		{7CA1241A-1938-408C-933B-9882A4D57C6C}.Debug|x86.ActiveCfg = Debug|x86
		{7CA1241A-1938-408C-933B-9882A4D57C6C}.Debug|x86.Build.0 = Debug|x86
		{7CA1241A-1938-408C-933B-9882A4D57C6C}.Release|Any CPU.ActiveCfg = Release|x86
		{7CA1241A-1938-408C-933B-9882A4D57C6C}.Release|Mixed Platforms.ActiveCfg = Release|x86
		{7CA1241A-1938-408C-933B-9882A4D57C6C}.Release|Mixed Platforms.Build.0 = Release|x86
		{7CA1241A-1938-408C-933B-9882A4D57C6C}.Release|x86.ActiveCfg = Release|x86
		{7CA1241A-1938-408C-933B-9882A4D57C6C}.Release|x86.Build.0 = Release|x86
		{489401C9-DA79-4757-ABC6-E20859E03ED4}.Debug|Any CPU.ActiveCfg = Debug|Any CPU
		{489401C9-DA79-4757-ABC6-E20859E03ED4}.Debug|Any CPU.Build.0 = Debug|Any CPU
		{489401C9-DA79-4757-ABC6-E20859E03ED4}.Debug|Mixed Platforms.ActiveCfg = Debug|Any CPU
		{489401C9-DA79-4757-ABC6-E20859E03ED4}.Debug|Mixed Platforms.Build.0 = Debug|Any CPU
		{489401C9-DA79-4757-ABC6-E20859E03ED4}.Debug|x86.ActiveCfg = Debug|Any CPU
		{489401C9-DA79-4757-ABC6-E20859E03ED4}.Release|Any CPU.ActiveCfg = Release|Any CPU
		{489401C9-DA79-4757-ABC6-E20859E03ED4}.Release|Any CPU.Build.0 = Release|Any CPU
		{489401C9-DA79-4757-ABC6-E20859E03ED4}.Release|Mixed Platforms.ActiveCfg = Release|Any CPU
		{489401C9-DA79-4757-ABC6-E20859E03ED4}.Release|Mixed Platforms.Build.0 = Release|Any CPU
		{489401C9-DA79-4757-ABC6-E20859E03ED4}.Release|x86.ActiveCfg = Release|Any CPU
		{A8B37CD4-CA67-436C-BBEB-30192B71C437}.Debug|Any CPU.ActiveCfg = Debug|Any CPU
		{A8B37CD4-CA67-436C-BBEB-30192B71C437}.Debug|Any CPU.Build.0 = Debug|Any CPU
		{A8B37CD4-CA67-436C-BBEB-30192B71C437}.Debug|Mixed Platforms.ActiveCfg = Debug|Any CPU
		{A8B37CD4-CA67-436C-BBEB-30192B71C437}.Debug|Mixed Platforms.Build.0 = Debug|Any CPU
		{A8B37CD4-CA67-436C-BBEB-30192B71C437}.Debug|x86.ActiveCfg = Debug|Any CPU
		{A8B37CD4-CA67-436C-BBEB-30192B71C437}.Release|Any CPU.ActiveCfg = Release|Any CPU
		{A8B37CD4-CA67-436C-BBEB-30192B71C437}.Release|Any CPU.Build.0 = Release|Any CPU
		{A8B37CD4-CA67-436C-BBEB-30192B71C437}.Release|Mixed Platforms.ActiveCfg = Release|Any CPU
		{A8B37CD4-CA67-436C-BBEB-30192B71C437}.Release|Mixed Platforms.Build.0 = Release|Any CPU
		{A8B37CD4-CA67-436C-BBEB-30192B71C437}.Release|x86.ActiveCfg = Release|Any CPU
		{8ED0A915-D1AB-47F0-B159-CB684470F31F}.Debug|Any CPU.ActiveCfg = Debug|Any CPU
		{8ED0A915-D1AB-47F0-B159-CB684470F31F}.Debug|Any CPU.Build.0 = Debug|Any CPU
		{8ED0A915-D1AB-47F0-B159-CB684470F31F}.Debug|Mixed Platforms.ActiveCfg = Debug|Any CPU
		{8ED0A915-D1AB-47F0-B159-CB684470F31F}.Debug|Mixed Platforms.Build.0 = Debug|Any CPU
		{8ED0A915-D1AB-47F0-B159-CB684470F31F}.Debug|x86.ActiveCfg = Debug|Any CPU
		{8ED0A915-D1AB-47F0-B159-CB684470F31F}.Release|Any CPU.ActiveCfg = Release|Any CPU
		{8ED0A915-D1AB-47F0-B159-CB684470F31F}.Release|Any CPU.Build.0 = Release|Any CPU
		{8ED0A915-D1AB-47F0-B159-CB684470F31F}.Release|Mixed Platforms.ActiveCfg = Release|Any CPU
		{8ED0A915-D1AB-47F0-B159-CB684470F31F}.Release|Mixed Platforms.Build.0 = Release|Any CPU
		{8ED0A915-D1AB-47F0-B159-CB684470F31F}.Release|x86.ActiveCfg = Release|Any CPU
		{6B93344D-70EA-4511-A397-8734F9DA7AA3}.Debug|Any CPU.ActiveCfg = Debug|Any CPU
		{6B93344D-70EA-4511-A397-8734F9DA7AA3}.Debug|Any CPU.Build.0 = Debug|Any CPU
		{6B93344D-70EA-4511-A397-8734F9DA7AA3}.Debug|Mixed Platforms.ActiveCfg = Debug|Any CPU
		{6B93344D-70EA-4511-A397-8734F9DA7AA3}.Debug|Mixed Platforms.Build.0 = Debug|Any CPU
		{6B93344D-70EA-4511-A397-8734F9DA7AA3}.Debug|x86.ActiveCfg = Debug|Any CPU
		{6B93344D-70EA-4511-A397-8734F9DA7AA3}.Release|Any CPU.ActiveCfg = Release|Any CPU
		{6B93344D-70EA-4511-A397-8734F9DA7AA3}.Release|Any CPU.Build.0 = Release|Any CPU
		{6B93344D-70EA-4511-A397-8734F9DA7AA3}.Release|Mixed Platforms.ActiveCfg = Release|Any CPU
		{6B93344D-70EA-4511-A397-8734F9DA7AA3}.Release|Mixed Platforms.Build.0 = Release|Any CPU
		{6B93344D-70EA-4511-A397-8734F9DA7AA3}.Release|x86.ActiveCfg = Release|Any CPU
		{B810E63B-A17A-4DB1-A561-EC0523B167D9}.Debug|Any CPU.ActiveCfg = Debug|Any CPU
		{B810E63B-A17A-4DB1-A561-EC0523B167D9}.Debug|Any CPU.Build.0 = Debug|Any CPU
		{B810E63B-A17A-4DB1-A561-EC0523B167D9}.Debug|Mixed Platforms.ActiveCfg = Debug|Any CPU
		{B810E63B-A17A-4DB1-A561-EC0523B167D9}.Debug|Mixed Platforms.Build.0 = Debug|Any CPU
		{B810E63B-A17A-4DB1-A561-EC0523B167D9}.Debug|x86.ActiveCfg = Debug|Any CPU
		{B810E63B-A17A-4DB1-A561-EC0523B167D9}.Release|Any CPU.ActiveCfg = Release|Any CPU
		{B810E63B-A17A-4DB1-A561-EC0523B167D9}.Release|Any CPU.Build.0 = Release|Any CPU
		{B810E63B-A17A-4DB1-A561-EC0523B167D9}.Release|Mixed Platforms.ActiveCfg = Release|Any CPU
		{B810E63B-A17A-4DB1-A561-EC0523B167D9}.Release|Mixed Platforms.Build.0 = Release|Any CPU
		{B810E63B-A17A-4DB1-A561-EC0523B167D9}.Release|x86.ActiveCfg = Release|Any CPU
		{BD8A5578-BEBE-4561-AD75-3252F65DAE43}.Debug|Any CPU.ActiveCfg = Debug|Any CPU
		{BD8A5578-BEBE-4561-AD75-3252F65DAE43}.Debug|Any CPU.Build.0 = Debug|Any CPU
		{BD8A5578-BEBE-4561-AD75-3252F65DAE43}.Debug|Mixed Platforms.ActiveCfg = Debug|Any CPU
		{BD8A5578-BEBE-4561-AD75-3252F65DAE43}.Debug|Mixed Platforms.Build.0 = Debug|Any CPU
		{BD8A5578-BEBE-4561-AD75-3252F65DAE43}.Debug|x86.ActiveCfg = Debug|Any CPU
		{BD8A5578-BEBE-4561-AD75-3252F65DAE43}.Release|Any CPU.ActiveCfg = Release|Any CPU
		{BD8A5578-BEBE-4561-AD75-3252F65DAE43}.Release|Any CPU.Build.0 = Release|Any CPU
		{BD8A5578-BEBE-4561-AD75-3252F65DAE43}.Release|Mixed Platforms.ActiveCfg = Release|Any CPU
		{BD8A5578-BEBE-4561-AD75-3252F65DAE43}.Release|Mixed Platforms.Build.0 = Release|Any CPU
		{BD8A5578-BEBE-4561-AD75-3252F65DAE43}.Release|x86.ActiveCfg = Release|Any CPU
		{99C86699-0E16-4623-A45C-BAC07F3A3289}.Debug|Any CPU.ActiveCfg = Debug|Any CPU
		{99C86699-0E16-4623-A45C-BAC07F3A3289}.Debug|Any CPU.Build.0 = Debug|Any CPU
		{99C86699-0E16-4623-A45C-BAC07F3A3289}.Debug|Mixed Platforms.ActiveCfg = Debug|Any CPU
		{99C86699-0E16-4623-A45C-BAC07F3A3289}.Debug|Mixed Platforms.Build.0 = Debug|Any CPU
		{99C86699-0E16-4623-A45C-BAC07F3A3289}.Debug|x86.ActiveCfg = Debug|Any CPU
		{99C86699-0E16-4623-A45C-BAC07F3A3289}.Release|Any CPU.ActiveCfg = Release|Any CPU
		{99C86699-0E16-4623-A45C-BAC07F3A3289}.Release|Any CPU.Build.0 = Release|Any CPU
		{99C86699-0E16-4623-A45C-BAC07F3A3289}.Release|Mixed Platforms.ActiveCfg = Release|Any CPU
		{99C86699-0E16-4623-A45C-BAC07F3A3289}.Release|Mixed Platforms.Build.0 = Release|Any CPU
		{99C86699-0E16-4623-A45C-BAC07F3A3289}.Release|x86.ActiveCfg = Release|Any CPU
		{05B4E5C8-A228-4198-B65C-C6014AC89E36}.Debug|Any CPU.ActiveCfg = Debug|Any CPU
		{05B4E5C8-A228-4198-B65C-C6014AC89E36}.Debug|Any CPU.Build.0 = Debug|Any CPU
		{05B4E5C8-A228-4198-B65C-C6014AC89E36}.Debug|Mixed Platforms.ActiveCfg = Debug|Any CPU
		{05B4E5C8-A228-4198-B65C-C6014AC89E36}.Debug|Mixed Platforms.Build.0 = Debug|Any CPU
		{05B4E5C8-A228-4198-B65C-C6014AC89E36}.Debug|x86.ActiveCfg = Debug|Any CPU
		{05B4E5C8-A228-4198-B65C-C6014AC89E36}.Release|Any CPU.ActiveCfg = Release|Any CPU
		{05B4E5C8-A228-4198-B65C-C6014AC89E36}.Release|Any CPU.Build.0 = Release|Any CPU
		{05B4E5C8-A228-4198-B65C-C6014AC89E36}.Release|Mixed Platforms.ActiveCfg = Release|Any CPU
		{05B4E5C8-A228-4198-B65C-C6014AC89E36}.Release|Mixed Platforms.Build.0 = Release|Any CPU
		{05B4E5C8-A228-4198-B65C-C6014AC89E36}.Release|x86.ActiveCfg = Release|Any CPU
		{7DBFB925-C8E2-40A1-86F1-54EE93F8E11B}.Debug|Any CPU.ActiveCfg = Debug
		{7DBFB925-C8E2-40A1-86F1-54EE93F8E11B}.Debug|Mixed Platforms.ActiveCfg = Debug
		{7DBFB925-C8E2-40A1-86F1-54EE93F8E11B}.Debug|x86.ActiveCfg = Debug
		{7DBFB925-C8E2-40A1-86F1-54EE93F8E11B}.Release|Any CPU.ActiveCfg = Release
		{7DBFB925-C8E2-40A1-86F1-54EE93F8E11B}.Release|Mixed Platforms.ActiveCfg = Release
		{7DBFB925-C8E2-40A1-86F1-54EE93F8E11B}.Release|x86.ActiveCfg = Release
	EndGlobalSection
	GlobalSection(SolutionProperties) = preSolution
		HideSolutionNode = FALSE
	EndGlobalSection
EndGlobal
